
Microsoft Visual Studio Solution File, Format Version 12.00
# Visual Studio Version 16
VisualStudioVersion = 16.0.29519.87
MinimumVisualStudioVersion = 10.0.40219.1
Project("{FAE04EC0-301F-11D3-BF4B-00C04F79EFBC}") = "ReadNumberInWord", "ReadNumberInWord\ReadNumberInWord.csproj", "{70582E98-107C-40CC-8AF3-33C510761F8F}"
EndProject
Global
	GlobalSection(SolutionConfigurationPlatforms) = preSolution
		Debug|Any CPU = Debug|Any CPU
		Release|Any CPU = Release|Any CPU
	EndGlobalSection
	GlobalSection(ProjectConfigurationPlatforms) = postSolution
		{70582E98-107C-40CC-8AF3-33C510761F8F}.Debug|Any CPU.ActiveCfg = Debug|Any CPU
		{70582E98-107C-40CC-8AF3-33C510761F8F}.Debug|Any CPU.Build.0 = Debug|Any CPU
		{70582E98-107C-40CC-8AF3-33C510761F8F}.Release|Any CPU.ActiveCfg = Release|Any CPU
		{70582E98-107C-40CC-8AF3-33C510761F8F}.Release|Any CPU.Build.0 = Release|Any CPU
	EndGlobalSection
	GlobalSection(SolutionProperties) = preSolution
		HideSolutionNode = FALSE
	EndGlobalSection
	GlobalSection(ExtensibilityGlobals) = postSolution
		SolutionGuid = {CFC0509F-D46D-4B1A-B9E3-AE03F6577627}
	EndGlobalSection
EndGlobal
